{
  "name": "@bsv/wallet-toolbox-mobile",
  "version": "1.5.16",
  "lockfileVersion": 3,
  "requires": true,
  "packages": {
    "": {
      "name": "@bsv/wallet-toolbox-mobile",
      "version": "1.5.16",
      "license": "SEE LICENSE IN license.md",
      "dependencies": {
        "@bsv/sdk": "^1.6.16"
      }
    },
    "node_modules/@bsv/sdk": {
      "version": "1.6.16",
      "resolved": "https://registry.npmjs.org/@bsv/sdk/-/sdk-1.6.16.tgz",
      "integrity": "sha512-uDYYFeN9gJmj/Mb8DEaeGJ4lY4WLRer1sDAItIDRZMeTdA+aIQbxd7nKteFlC05siXYmoQHQV8qvTTxEx75aXg=="
    }
  }
}
