{
  "name": "@bsv/wallet-toolbox-mobile",
  "version": "1.6.2",
  "lockfileVersion": 3,
  "requires": true,
  "packages": {
    "": {
      "name": "@bsv/wallet-toolbox-mobile",
      "version": "1.6.2",
      "license": "SEE LICENSE IN license.md",
      "dependencies": {
        "@bsv/sdk": "^1.6.24"
      }
    },
    "node_modules/@bsv/sdk": {
      "version": "1.6.24",
      "resolved": "https://registry.npmjs.org/@bsv/sdk/-/sdk-1.6.24.tgz",
      "integrity": "sha512-st8LfNZGyj5EHPedruTfttmMQjw9NeX/TGlX+hq+TG3rAzpw17AxY8SlseDzIa5ZrEcgIxuhtEaeKD+kbphqDA==",
      "license": "SEE LICENSE IN LICENSE.txt"
    }
  }
}
