{
  "name": "@bsv/wallet-toolbox-mobile",
  "version": "1.5.21",
  "lockfileVersion": 3,
  "requires": true,
  "packages": {
    "": {
      "name": "@bsv/wallet-toolbox-mobile",
      "version": "1.5.21",
      "license": "SEE LICENSE IN license.md",
      "dependencies": {
        "@bsv/sdk": "^1.6.23"
      }
    },
    "node_modules/@bsv/sdk": {
      "version": "1.6.23",
      "resolved": "https://registry.npmjs.org/@bsv/sdk/-/sdk-1.6.23.tgz",
      "integrity": "sha512-l2ElERB49x1yud1kC3kP5E8s1SFw379bLJE+TRXLyaP2Gbje/5FFlvkjg7e78Xni3fYSUHfHHIsxmWhbE/Ls4A==",
      "license": "SEE LICENSE IN LICENSE.txt"
    }
  }
}
